
Microsoft Visual Studio Solution File, Format Version 12.00
# Visual Studio Version 17
VisualStudioVersion = 17.0.32112.339
MinimumVisualStudioVersion = 10.0.40219.1
Project("{9A19103F-16F7-4668-BE54-9A1E7A4F7556}") = "Api", "Api\Api.csproj", "{A3D7D1A0-A593-478A-9593-8FB3F9EBBA21}"
EndProject
Project("{FAE04EC0-301F-11D3-BF4B-00C04F79EFBC}") = "ApiEstocaai", "ApiEstocaai\ApiEstocaai.csproj", "{8C04064A-CC84-47FB-B64F-93D751AF51DC}"
EndProject
Global
	GlobalSection(SolutionConfigurationPlatforms) = preSolution
		Debug|Any CPU = Debug|Any CPU
		Release|Any CPU = Release|Any CPU
	EndGlobalSection
	GlobalSection(ProjectConfigurationPlatforms) = postSolution
		{A3D7D1A0-A593-478A-9593-8FB3F9EBBA21}.Debug|Any CPU.ActiveCfg = Debug|Any CPU
		{A3D7D1A0-A593-478A-9593-8FB3F9EBBA21}.Debug|Any CPU.Build.0 = Debug|Any CPU
		{A3D7D1A0-A593-478A-9593-8FB3F9EBBA21}.Release|Any CPU.ActiveCfg = Release|Any CPU
		{A3D7D1A0-A593-478A-9593-8FB3F9EBBA21}.Release|Any CPU.Build.0 = Release|Any CPU
		{8C04064A-CC84-47FB-B64F-93D751AF51DC}.Debug|Any CPU.ActiveCfg = Debug|Any CPU
		{8C04064A-CC84-47FB-B64F-93D751AF51DC}.Debug|Any CPU.Build.0 = Debug|Any CPU
		{8C04064A-CC84-47FB-B64F-93D751AF51DC}.Release|Any CPU.ActiveCfg = Release|Any CPU
		{8C04064A-CC84-47FB-B64F-93D751AF51DC}.Release|Any CPU.Build.0 = Release|Any CPU
	EndGlobalSection
	GlobalSection(SolutionProperties) = preSolution
		HideSolutionNode = FALSE
	EndGlobalSection
	GlobalSection(ExtensibilityGlobals) = postSolution
		SolutionGuid = {F7071B0D-747C-43A7-9F2E-DAF4B318147D}
	EndGlobalSection
EndGlobal
